// !$*UTF8*$!
{
	archiveVersion = 1;
	classes = {
	};
	objectVersion = 56;
	objects = {

/* Begin PBXBuildFile section */
		F5211EF82A7A6D4A002AE723 /* PokemonApp.swift in Sources */ = {isa = PBXBuildFile; fileRef = F5211EF72A7A6D4A002AE723 /* PokemonApp.swift */; };
		F5211EFA2A7A6D4A002AE723 /* ContentView.swift in Sources */ = {isa = PBXBuildFile; fileRef = F5211EF92A7A6D4A002AE723 /* ContentView.swift */; };
		F5211EFC2A7A6D4C002AE723 /* Assets.xcassets in Resources */ = {isa = PBXBuildFile; fileRef = F5211EFB2A7A6D4C002AE723 /* Assets.xcassets */; };
		F5211F002A7A6D4C002AE723 /* Preview Assets.xcassets in Resources */ = {isa = PBXBuildFile; fileRef = F5211EFF2A7A6D4C002AE723 /* Preview Assets.xcassets */; };
		F5211F0A2A7A6D4D002AE723 /* PokemonTests.swift in Sources */ = {isa = PBXBuildFile; fileRef = F5211F092A7A6D4D002AE723 /* PokemonTests.swift */; };
		F5211F142A7A6D4D002AE723 /* PokemonUITests.swift in Sources */ = {isa = PBXBuildFile; fileRef = F5211F132A7A6D4D002AE723 /* PokemonUITests.swift */; };
		F5211F162A7A6D4D002AE723 /* PokemonUITestsLaunchTests.swift in Sources */ = {isa = PBXBuildFile; fileRef = F5211F152A7A6D4D002AE723 /* PokemonUITestsLaunchTests.swift */; };
		F5211F252A7A6E40002AE723 /* PokemonsViewModel.swift in Sources */ = {isa = PBXBuildFile; fileRef = F5211F242A7A6E40002AE723 /* PokemonsViewModel.swift */; };
		F5E369332A8C0809001FAAFA /* PokemonSelected.swift in Sources */ = {isa = PBXBuildFile; fileRef = F5E369322A8C0809001FAAFA /* PokemonSelected.swift */; };
		F5E369352A8C0871001FAAFA /* PokemonImage.swift in Sources */ = {isa = PBXBuildFile; fileRef = F5E369342A8C0871001FAAFA /* PokemonImage.swift */; };
		F5E369372A8C0C31001FAAFA /* Example.swift in Sources */ = {isa = PBXBuildFile; fileRef = F5E369362A8C0C31001FAAFA /* Example.swift */; };
		F5E369392A8C0F1D001FAAFA /* PokemonDetail.swift in Sources */ = {isa = PBXBuildFile; fileRef = F5E369382A8C0F1D001FAAFA /* PokemonDetail.swift */; };
/* End PBXBuildFile section */

/* Begin PBXContainerItemProxy section */
		F5211F062A7A6D4D002AE723 /* PBXContainerItemProxy */ = {
			isa = PBXContainerItemProxy;
			containerPortal = F5211EEC2A7A6D4A002AE723 /* Project object */;
			proxyType = 1;
			remoteGlobalIDString = F5211EF32A7A6D4A002AE723;
			remoteInfo = Pokemon;
		};
		F5211F102A7A6D4D002AE723 /* PBXContainerItemProxy */ = {
			isa = PBXContainerItemProxy;
			containerPortal = F5211EEC2A7A6D4A002AE723 /* Project object */;
			proxyType = 1;
			remoteGlobalIDString = F5211EF32A7A6D4A002AE723;
			remoteInfo = Pokemon;
		};
/* End PBXContainerItemProxy section */

/* Begin PBXFileReference section */
		F5211EF42A7A6D4A002AE723 /* Pokemon.app */ = {isa = PBXFileReference; explicitFileType = wrapper.application; includeInIndex = 0; path = Pokemon.app; sourceTree = BUILT_PRODUCTS_DIR; };
		F5211EF72A7A6D4A002AE723 /* PokemonApp.swift */ = {isa = PBXFileReference; lastKnownFileType = sourcecode.swift; path = PokemonApp.swift; sourceTree = "<group>"; };
		F5211EF92A7A6D4A002AE723 /* ContentView.swift */ = {isa = PBXFileReference; lastKnownFileType = sourcecode.swift; path = ContentView.swift; sourceTree = "<group>"; };
		F5211EFB2A7A6D4C002AE723 /* Assets.xcassets */ = {isa = PBXFileReference; lastKnownFileType = folder.assetcatalog; path = Assets.xcassets; sourceTree = "<group>"; };
		F5211EFD2A7A6D4C002AE723 /* Pokemon.entitlements */ = {isa = PBXFileReference; lastKnownFileType = text.plist.entitlements; path = Pokemon.entitlements; sourceTree = "<group>"; };
		F5211EFF2A7A6D4C002AE723 /* Preview Assets.xcassets */ = {isa = PBXFileReference; lastKnownFileType = folder.assetcatalog; path = "Preview Assets.xcassets"; sourceTree = "<group>"; };
		F5211F052A7A6D4D002AE723 /* PokemonTests.xctest */ = {isa = PBXFileReference; explicitFileType = wrapper.cfbundle; includeInIndex = 0; path = PokemonTests.xctest; sourceTree = BUILT_PRODUCTS_DIR; };
		F5211F092A7A6D4D002AE723 /* PokemonTests.swift */ = {isa = PBXFileReference; lastKnownFileType = sourcecode.swift; path = PokemonTests.swift; sourceTree = "<group>"; };
		F5211F0F2A7A6D4D002AE723 /* PokemonUITests.xctest */ = {isa = PBXFileReference; explicitFileType = wrapper.cfbundle; includeInIndex = 0; path = PokemonUITests.xctest; sourceTree = BUILT_PRODUCTS_DIR; };
		F5211F132A7A6D4D002AE723 /* PokemonUITests.swift */ = {isa = PBXFileReference; lastKnownFileType = sourcecode.swift; path = PokemonUITests.swift; sourceTree = "<group>"; };
		F5211F152A7A6D4D002AE723 /* PokemonUITestsLaunchTests.swift */ = {isa = PBXFileReference; lastKnownFileType = sourcecode.swift; path = PokemonUITestsLaunchTests.swift; sourceTree = "<group>"; };
		F5211F242A7A6E40002AE723 /* PokemonsViewModel.swift */ = {isa = PBXFileReference; lastKnownFileType = sourcecode.swift; path = PokemonsViewModel.swift; sourceTree = "<group>"; };
		F5E369322A8C0809001FAAFA /* PokemonSelected.swift */ = {isa = PBXFileReference; lastKnownFileType = sourcecode.swift; path = PokemonSelected.swift; sourceTree = "<group>"; };
		F5E369342A8C0871001FAAFA /* PokemonImage.swift */ = {isa = PBXFileReference; lastKnownFileType = sourcecode.swift; path = PokemonImage.swift; sourceTree = "<group>"; };
		F5E369362A8C0C31001FAAFA /* Example.swift */ = {isa = PBXFileReference; lastKnownFileType = sourcecode.swift; path = Example.swift; sourceTree = "<group>"; };
		F5E369382A8C0F1D001FAAFA /* PokemonDetail.swift */ = {isa = PBXFileReference; lastKnownFileType = sourcecode.swift; path = PokemonDetail.swift; sourceTree = "<group>"; };
/* End PBXFileReference section */

/* Begin PBXFrameworksBuildPhase section */
		F5211EF12A7A6D4A002AE723 /* Frameworks */ = {
			isa = PBXFrameworksBuildPhase;
			buildActionMask = 2147483647;
			files = (
			);
			runOnlyForDeploymentPostprocessing = 0;
		};
		F5211F022A7A6D4D002AE723 /* Frameworks */ = {
			isa = PBXFrameworksBuildPhase;
			buildActionMask = 2147483647;
			files = (
			);
			runOnlyForDeploymentPostprocessing = 0;
		};
		F5211F0C2A7A6D4D002AE723 /* Frameworks */ = {
			isa = PBXFrameworksBuildPhase;
			buildActionMask = 2147483647;
			files = (
			);
			runOnlyForDeploymentPostprocessing = 0;
		};
/* End PBXFrameworksBuildPhase section */

/* Begin PBXGroup section */
		F5211EEB2A7A6D4A002AE723 = {
			isa = PBXGroup;
			children = (
				F5211EF62A7A6D4A002AE723 /* Pokemon */,
				F5211F082A7A6D4D002AE723 /* PokemonTests */,
				F5211F122A7A6D4D002AE723 /* PokemonUITests */,
				F5211EF52A7A6D4A002AE723 /* Products */,
			);
			sourceTree = "<group>";
		};
		F5211EF52A7A6D4A002AE723 /* Products */ = {
			isa = PBXGroup;
			children = (
				F5211EF42A7A6D4A002AE723 /* Pokemon.app */,
				F5211F052A7A6D4D002AE723 /* PokemonTests.xctest */,
				F5211F0F2A7A6D4D002AE723 /* PokemonUITests.xctest */,
			);
			name = Products;
			sourceTree = "<group>";
		};
		F5211EF62A7A6D4A002AE723 /* Pokemon */ = {
			isa = PBXGroup;
			children = (
				F5211EF72A7A6D4A002AE723 /* PokemonApp.swift */,
				F5211EF92A7A6D4A002AE723 /* ContentView.swift */,
				F5E369382A8C0F1D001FAAFA /* PokemonDetail.swift */,
				F5E369362A8C0C31001FAAFA /* Example.swift */,
				F5E369342A8C0871001FAAFA /* PokemonImage.swift */,
				F5E369322A8C0809001FAAFA /* PokemonSelected.swift */,
				F5211F242A7A6E40002AE723 /* PokemonsViewModel.swift */,
				F5211EFB2A7A6D4C002AE723 /* Assets.xcassets */,
				F5211EFD2A7A6D4C002AE723 /* Pokemon.entitlements */,
				F5211EFE2A7A6D4C002AE723 /* Preview Content */,
			);
			path = Pokemon;
			sourceTree = "<group>";
		};
		F5211EFE2A7A6D4C002AE723 /* Preview Content */ = {
			isa = PBXGroup;
			children = (
				F5211EFF2A7A6D4C002AE723 /* Preview Assets.xcassets */,
			);
			path = "Preview Content";
			sourceTree = "<group>";
		};
		F5211F082A7A6D4D002AE723 /* PokemonTests */ = {
			isa = PBXGroup;
			children = (
				F5211F092A7A6D4D002AE723 /* PokemonTests.swift */,
			);
			path = PokemonTests;
			sourceTree = "<group>";
		};
		F5211F122A7A6D4D002AE723 /* PokemonUITests */ = {
			isa = PBXGroup;
			children = (
				F5211F132A7A6D4D002AE723 /* PokemonUITests.swift */,
				F5211F152A7A6D4D002AE723 /* PokemonUITestsLaunchTests.swift */,
			);
			path = PokemonUITests;
			sourceTree = "<group>";
		};
/* End PBXGroup section */

/* Begin PBXNativeTarget section */
		F5211EF32A7A6D4A002AE723 /* Pokemon */ = {
			isa = PBXNativeTarget;
			buildConfigurationList = F5211F192A7A6D4D002AE723 /* Build configuration list for PBXNativeTarget "Pokemon" */;
			buildPhases = (
				F5211EF02A7A6D4A002AE723 /* Sources */,
				F5211EF12A7A6D4A002AE723 /* Frameworks */,
				F5211EF22A7A6D4A002AE723 /* Resources */,
			);
			buildRules = (
			);
			dependencies = (
			);
			name = Pokemon;
			productName = Pokemon;
			productReference = F5211EF42A7A6D4A002AE723 /* Pokemon.app */;
			productType = "com.apple.product-type.application";
		};
		F5211F042A7A6D4D002AE723 /* PokemonTests */ = {
			isa = PBXNativeTarget;
			buildConfigurationList = F5211F1C2A7A6D4D002AE723 /* Build configuration list for PBXNativeTarget "PokemonTests" */;
			buildPhases = (
				F5211F012A7A6D4D002AE723 /* Sources */,
				F5211F022A7A6D4D002AE723 /* Frameworks */,
				F5211F032A7A6D4D002AE723 /* Resources */,
			);
			buildRules = (
			);
			dependencies = (
				F5211F072A7A6D4D002AE723 /* PBXTargetDependency */,
			);
			name = PokemonTests;
			productName = PokemonTests;
			productReference = F5211F052A7A6D4D002AE723 /* PokemonTests.xctest */;
			productType = "com.apple.product-type.bundle.unit-test";
		};
		F5211F0E2A7A6D4D002AE723 /* PokemonUITests */ = {
			isa = PBXNativeTarget;
			buildConfigurationList = F5211F1F2A7A6D4D002AE723 /* Build configuration list for PBXNativeTarget "PokemonUITests" */;
			buildPhases = (
				F5211F0B2A7A6D4D002AE723 /* Sources */,
				F5211F0C2A7A6D4D002AE723 /* Frameworks */,
				F5211F0D2A7A6D4D002AE723 /* Resources */,
			);
			buildRules = (
			);
			dependencies = (
				F5211F112A7A6D4D002AE723 /* PBXTargetDependency */,
			);
			name = PokemonUITests;
			productName = PokemonUITests;
			productReference = F5211F0F2A7A6D4D002AE723 /* PokemonUITests.xctest */;
			productType = "com.apple.product-type.bundle.ui-testing";
		};
/* End PBXNativeTarget section */

/* Begin PBXProject section */
		F5211EEC2A7A6D4A002AE723 /* Project object */ = {
			isa = PBXProject;
			attributes = {
				BuildIndependentTargetsInParallel = 1;
				LastSwiftUpdateCheck = 1430;
				LastUpgradeCheck = 1430;
				TargetAttributes = {
					F5211EF32A7A6D4A002AE723 = {
						CreatedOnToolsVersion = 14.3.1;
					};
					F5211F042A7A6D4D002AE723 = {
						CreatedOnToolsVersion = 14.3.1;
						TestTargetID = F5211EF32A7A6D4A002AE723;
					};
					F5211F0E2A7A6D4D002AE723 = {
						CreatedOnToolsVersion = 14.3.1;
						TestTargetID = F5211EF32A7A6D4A002AE723;
					};
				};
			};
			buildConfigurationList = F5211EEF2A7A6D4A002AE723 /* Build configuration list for PBXProject "Pokemon" */;
			compatibilityVersion = "Xcode 14.0";
			developmentRegion = en;
			hasScannedForEncodings = 0;
			knownRegions = (
				en,
				Base,
			);
			mainGroup = F5211EEB2A7A6D4A002AE723;
			productRefGroup = F5211EF52A7A6D4A002AE723 /* Products */;
			projectDirPath = "";
			projectRoot = "";
			targets = (
				F5211EF32A7A6D4A002AE723 /* Pokemon */,
				F5211F042A7A6D4D002AE723 /* PokemonTests */,
				F5211F0E2A7A6D4D002AE723 /* PokemonUITests */,
			);
		};
/* End PBXProject section */

/* Begin PBXResourcesBuildPhase section */
		F5211EF22A7A6D4A002AE723 /* Resources */ = {
			isa = PBXResourcesBuildPhase;
			buildActionMask = 2147483647;
			files = (
				F5211F002A7A6D4C002AE723 /* Preview Assets.xcassets in Resources */,
				F5211EFC2A7A6D4C002AE723 /* Assets.xcassets in Resources */,
			);
			runOnlyForDeploymentPostprocessing = 0;
		};
		F5211F032A7A6D4D002AE723 /* Resources */ = {
			isa = PBXResourcesBuildPhase;
			buildActionMask = 2147483647;
			files = (
			);
			runOnlyForDeploymentPostprocessing = 0;
		};
		F5211F0D2A7A6D4D002AE723 /* Resources */ = {
			isa = PBXResourcesBuildPhase;
			buildActionMask = 2147483647;
			files = (
			);
			runOnlyForDeploymentPostprocessing = 0;
		};
/* End PBXResourcesBuildPhase section */

/* Begin PBXSourcesBuildPhase section */
		F5211EF02A7A6D4A002AE723 /* Sources */ = {
			isa = PBXSourcesBuildPhase;
			buildActionMask = 2147483647;
			files = (
				F5E369332A8C0809001FAAFA /* PokemonSelected.swift in Sources */,
				F5E369352A8C0871001FAAFA /* PokemonImage.swift in Sources */,
				F5E369392A8C0F1D001FAAFA /* PokemonDetail.swift in Sources */,
				F5E369372A8C0C31001FAAFA /* Example.swift in Sources */,
				F5211EFA2A7A6D4A002AE723 /* ContentView.swift in Sources */,
				F5211F252A7A6E40002AE723 /* PokemonsViewModel.swift in Sources */,
				F5211EF82A7A6D4A002AE723 /* PokemonApp.swift in Sources */,
			);
			runOnlyForDeploymentPostprocessing = 0;
		};
		F5211F012A7A6D4D002AE723 /* Sources */ = {
			isa = PBXSourcesBuildPhase;
			buildActionMask = 2147483647;
			files = (
				F5211F0A2A7A6D4D002AE723 /* PokemonTests.swift in Sources */,
			);
			runOnlyForDeploymentPostprocessing = 0;
		};
		F5211F0B2A7A6D4D002AE723 /* Sources */ = {
			isa = PBXSourcesBuildPhase;
			buildActionMask = 2147483647;
			files = (
				F5211F162A7A6D4D002AE723 /* PokemonUITestsLaunchTests.swift in Sources */,
				F5211F142A7A6D4D002AE723 /* PokemonUITests.swift in Sources */,
			);
			runOnlyForDeploymentPostprocessing = 0;
		};
/* End PBXSourcesBuildPhase section */

/* Begin PBXTargetDependency section */
		F5211F072A7A6D4D002AE723 /* PBXTargetDependency */ = {
			isa = PBXTargetDependency;
			target = F5211EF32A7A6D4A002AE723 /* Pokemon */;
			targetProxy = F5211F062A7A6D4D002AE723 /* PBXContainerItemProxy */;
		};
		F5211F112A7A6D4D002AE723 /* PBXTargetDependency */ = {
			isa = PBXTargetDependency;
			target = F5211EF32A7A6D4A002AE723 /* Pokemon */;
			targetProxy = F5211F102A7A6D4D002AE723 /* PBXContainerItemProxy */;
		};
/* End PBXTargetDependency section */

/* Begin XCBuildConfiguration section */
		F5211F172A7A6D4D002AE723 /* Debug */ = {
			isa = XCBuildConfiguration;
			buildSettings = {
				ALWAYS_SEARCH_USER_PATHS = NO;
				CLANG_ANALYZER_NONNULL = YES;
				CLANG_ANALYZER_NUMBER_OBJECT_CONVERSION = YES_AGGRESSIVE;
				CLANG_CXX_LANGUAGE_STANDARD = "gnu++20";
				CLANG_ENABLE_MODULES = YES;
				CLANG_ENABLE_OBJC_ARC = YES;
				CLANG_ENABLE_OBJC_WEAK = YES;
				CLANG_WARN_BLOCK_CAPTURE_AUTORELEASING = YES;
				CLANG_WARN_BOOL_CONVERSION = YES;
				CLANG_WARN_COMMA = YES;
				CLANG_WARN_CONSTANT_CONVERSION = YES;
				CLANG_WARN_DEPRECATED_OBJC_IMPLEMENTATIONS = YES;
				CLANG_WARN_DIRECT_OBJC_ISA_USAGE = YES_ERROR;
				CLANG_WARN_DOCUMENTATION_COMMENTS = YES;
				CLANG_WARN_EMPTY_BODY = YES;
				CLANG_WARN_ENUM_CONVERSION = YES;
				CLANG_WARN_INFINITE_RECURSION = YES;
				CLANG_WARN_INT_CONVERSION = YES;
				CLANG_WARN_NON_LITERAL_NULL_CONVERSION = YES;
				CLANG_WARN_OBJC_IMPLICIT_RETAIN_SELF = YES;
				CLANG_WARN_OBJC_LITERAL_CONVERSION = YES;
				CLANG_WARN_OBJC_ROOT_CLASS = YES_ERROR;
				CLANG_WARN_QUOTED_INCLUDE_IN_FRAMEWORK_HEADER = YES;
				CLANG_WARN_RANGE_LOOP_ANALYSIS = YES;
				CLANG_WARN_STRICT_PROTOTYPES = YES;
				CLANG_WARN_SUSPICIOUS_MOVE = YES;
				CLANG_WARN_UNGUARDED_AVAILABILITY = YES_AGGRESSIVE;
				CLANG_WARN_UNREACHABLE_CODE = YES;
				CLANG_WARN__DUPLICATE_METHOD_MATCH = YES;
				COPY_PHASE_STRIP = NO;
				DEBUG_INFORMATION_FORMAT = dwarf;
				ENABLE_STRICT_OBJC_MSGSEND = YES;
				ENABLE_TESTABILITY = YES;
				GCC_C_LANGUAGE_STANDARD = gnu11;
				GCC_DYNAMIC_NO_PIC = NO;
				GCC_NO_COMMON_BLOCKS = YES;
				GCC_OPTIMIZATION_LEVEL = 0;
				GCC_PREPROCESSOR_DEFINITIONS = (
					"DEBUG=1",
					"$(inherited)",
				);
				GCC_WARN_64_TO_32_BIT_CONVERSION = YES;
				GCC_WARN_ABOUT_RETURN_TYPE = YES_ERROR;
				GCC_WARN_UNDECLARED_SELECTOR = YES;
				GCC_WARN_UNINITIALIZED_AUTOS = YES_AGGRESSIVE;
				GCC_WARN_UNUSED_FUNCTION = YES;
				GCC_WARN_UNUSED_VARIABLE = YES;
				MTL_ENABLE_DEBUG_INFO = INCLUDE_SOURCE;
				MTL_FAST_MATH = YES;
				ONLY_ACTIVE_ARCH = YES;
				SWIFT_ACTIVE_COMPILATION_CONDITIONS = DEBUG;
				SWIFT_OPTIMIZATION_LEVEL = "-Onone";
			};
			name = Debug;
		};
		F5211F182A7A6D4D002AE723 /* Release */ = {
			isa = XCBuildConfiguration;
			buildSettings = {
				ALWAYS_SEARCH_USER_PATHS = NO;
				CLANG_ANALYZER_NONNULL = YES;
				CLANG_ANALYZER_NUMBER_OBJECT_CONVERSION = YES_AGGRESSIVE;
				CLANG_CXX_LANGUAGE_STANDARD = "gnu++20";
				CLANG_ENABLE_MODULES = YES;
				CLANG_ENABLE_OBJC_ARC = YES;
				CLANG_ENABLE_OBJC_WEAK = YES;
				CLANG_WARN_BLOCK_CAPTURE_AUTORELEASING = YES;
				CLANG_WARN_BOOL_CONVERSION = YES;
				CLANG_WARN_COMMA = YES;
				CLANG_WARN_CONSTANT_CONVERSION = YES;
				CLANG_WARN_DEPRECATED_OBJC_IMPLEMENTATIONS = YES;
				CLANG_WARN_DIRECT_OBJC_ISA_USAGE = YES_ERROR;
				CLANG_WARN_DOCUMENTATION_COMMENTS = YES;
				CLANG_WARN_EMPTY_BODY = YES;
				CLANG_WARN_ENUM_CONVERSION = YES;
				CLANG_WARN_INFINITE_RECURSION = YES;
				CLANG_WARN_INT_CONVERSION = YES;
				CLANG_WARN_NON_LITERAL_NULL_CONVERSION = YES;
				CLANG_WARN_OBJC_IMPLICIT_RETAIN_SELF = YES;
				CLANG_WARN_OBJC_LITERAL_CONVERSION = YES;
				CLANG_WARN_OBJC_ROOT_CLASS = YES_ERROR;
				CLANG_WARN_QUOTED_INCLUDE_IN_FRAMEWORK_HEADER = YES;
				CLANG_WARN_RANGE_LOOP_ANALYSIS = YES;
				CLANG_WARN_STRICT_PROTOTYPES = YES;
				CLANG_WARN_SUSPICIOUS_MOVE = YES;
				CLANG_WARN_UNGUARDED_AVAILABILITY = YES_AGGRESSIVE;
				CLANG_WARN_UNREACHABLE_CODE = YES;
				CLANG_WARN__DUPLICATE_METHOD_MATCH = YES;
				COPY_PHASE_STRIP = NO;
				DEBUG_INFORMATION_FORMAT = "dwarf-with-dsym";
				ENABLE_NS_ASSERTIONS = NO;
				ENABLE_STRICT_OBJC_MSGSEND = YES;
				GCC_C_LANGUAGE_STANDARD = gnu11;
				GCC_NO_COMMON_BLOCKS = YES;
				GCC_WARN_64_TO_32_BIT_CONVERSION = YES;
				GCC_WARN_ABOUT_RETURN_TYPE = YES_ERROR;
				GCC_WARN_UNDECLARED_SELECTOR = YES;
				GCC_WARN_UNINITIALIZED_AUTOS = YES_AGGRESSIVE;
				GCC_WARN_UNUSED_FUNCTION = YES;
				GCC_WARN_UNUSED_VARIABLE = YES;
				MTL_ENABLE_DEBUG_INFO = NO;
				MTL_FAST_MATH = YES;
				SWIFT_COMPILATION_MODE = wholemodule;
				SWIFT_OPTIMIZATION_LEVEL = "-O";
			};
			name = Release;
		};
		F5211F1A2A7A6D4D002AE723 /* Debug */ = {
			isa = XCBuildConfiguration;
			buildSettings = {
				ASSETCATALOG_COMPILER_APPICON_NAME = AppIcon;
				ASSETCATALOG_COMPILER_GLOBAL_ACCENT_COLOR_NAME = AccentColor;
				CODE_SIGN_ENTITLEMENTS = Pokemon/Pokemon.entitlements;
				CODE_SIGN_STYLE = Automatic;
				CURRENT_PROJECT_VERSION = 1;
				DEVELOPMENT_ASSET_PATHS = "\"Pokemon/Preview Content\"";
				ENABLE_PREVIEWS = YES;
				GENERATE_INFOPLIST_FILE = YES;
				"INFOPLIST_KEY_UIApplicationSceneManifest_Generation[sdk=iphoneos*]" = YES;
				"INFOPLIST_KEY_UIApplicationSceneManifest_Generation[sdk=iphonesimulator*]" = YES;
				"INFOPLIST_KEY_UIApplicationSupportsIndirectInputEvents[sdk=iphoneos*]" = YES;
				"INFOPLIST_KEY_UIApplicationSupportsIndirectInputEvents[sdk=iphonesimulator*]" = YES;
				"INFOPLIST_KEY_UILaunchScreen_Generation[sdk=iphoneos*]" = YES;
				"INFOPLIST_KEY_UILaunchScreen_Generation[sdk=iphonesimulator*]" = YES;
				"INFOPLIST_KEY_UIStatusBarStyle[sdk=iphoneos*]" = UIStatusBarStyleDefault;
				"INFOPLIST_KEY_UIStatusBarStyle[sdk=iphonesimulator*]" = UIStatusBarStyleDefault;
				INFOPLIST_KEY_UISupportedInterfaceOrientations_iPad = "UIInterfaceOrientationPortrait UIInterfaceOrientationPortraitUpsideDown UIInterfaceOrientationLandscapeLeft UIInterfaceOrientationLandscapeRight";
				INFOPLIST_KEY_UISupportedInterfaceOrientations_iPhone = "UIInterfaceOrientationPortrait UIInterfaceOrientationLandscapeLeft UIInterfaceOrientationLandscapeRight";
				IPHONEOS_DEPLOYMENT_TARGET = 16.4;
				LD_RUNPATH_SEARCH_PATHS = "@executable_path/Frameworks";
				"LD_RUNPATH_SEARCH_PATHS[sdk=macosx*]" = "@executable_path/../Frameworks";
				MACOSX_DEPLOYMENT_TARGET = 13.3;
				MARKETING_VERSION = 1.0;
				PRODUCT_BUNDLE_IDENTIFIER = com.engel.Pokemon;
				PRODUCT_NAME = "$(TARGET_NAME)";
				SDKROOT = auto;
				SUPPORTED_PLATFORMS = "iphoneos iphonesimulator macosx";
				SWIFT_EMIT_LOC_STRINGS = YES;
				SWIFT_VERSION = 5.0;
				TARGETED_DEVICE_FAMILY = "1,2";
			};
			name = Debug;
		};
		F5211F1B2A7A6D4D002AE723 /* Release */ = {
			isa = XCBuildConfiguration;
			buildSettings = {
				ASSETCATALOG_COMPILER_APPICON_NAME = AppIcon;
				ASSETCATALOG_COMPILER_GLOBAL_ACCENT_COLOR_NAME = AccentColor;
				CODE_SIGN_ENTITLEMENTS = Pokemon/Pokemon.entitlements;
				CODE_SIGN_STYLE = Automatic;
				CURRENT_PROJECT_VERSION = 1;
				DEVELOPMENT_ASSET_PATHS = "\"Pokemon/Preview Content\"";
				ENABLE_PREVIEWS = YES;
				GENERATE_INFOPLIST_FILE = YES;
				"INFOPLIST_KEY_UIApplicationSceneManifest_Generation[sdk=iphoneos*]" = YES;
				"INFOPLIST_KEY_UIApplicationSceneManifest_Generation[sdk=iphonesimulator*]" = YES;
				"INFOPLIST_KEY_UIApplicationSupportsIndirectInputEvents[sdk=iphoneos*]" = YES;
				"INFOPLIST_KEY_UIApplicationSupportsIndirectInputEvents[sdk=iphonesimulator*]" = YES;
				"INFOPLIST_KEY_UILaunchScreen_Generation[sdk=iphoneos*]" = YES;
				"INFOPLIST_KEY_UILaunchScreen_Generation[sdk=iphonesimulator*]" = YES;
				"INFOPLIST_KEY_UIStatusBarStyle[sdk=iphoneos*]" = UIStatusBarStyleDefault;
				"INFOPLIST_KEY_UIStatusBarStyle[sdk=iphonesimulator*]" = UIStatusBarStyleDefault;
				INFOPLIST_KEY_UISupportedInterfaceOrientations_iPad = "UIInterfaceOrientationPortrait UIInterfaceOrientationPortraitUpsideDown UIInterfaceOrientationLandscapeLeft UIInterfaceOrientationLandscapeRight";
				INFOPLIST_KEY_UISupportedInterfaceOrientations_iPhone = "UIInterfaceOrientationPortrait UIInterfaceOrientationLandscapeLeft UIInterfaceOrientationLandscapeRight";
				IPHONEOS_DEPLOYMENT_TARGET = 16.4;
				LD_RUNPATH_SEARCH_PATHS = "@executable_path/Frameworks";
				"LD_RUNPATH_SEARCH_PATHS[sdk=macosx*]" = "@executable_path/../Frameworks";
				MACOSX_DEPLOYMENT_TARGET = 13.3;
				MARKETING_VERSION = 1.0;
				PRODUCT_BUNDLE_IDENTIFIER = com.engel.Pokemon;
				PRODUCT_NAME = "$(TARGET_NAME)";
				SDKROOT = auto;
				SUPPORTED_PLATFORMS = "iphoneos iphonesimulator macosx";
				SWIFT_EMIT_LOC_STRINGS = YES;
				SWIFT_VERSION = 5.0;
				TARGETED_DEVICE_FAMILY = "1,2";
			};
			name = Release;
		};
		F5211F1D2A7A6D4D002AE723 /* Debug */ = {
			isa = XCBuildConfiguration;
			buildSettings = {
				ALWAYS_EMBED_SWIFT_STANDARD_LIBRARIES = YES;
				BUNDLE_LOADER = "$(TEST_HOST)";
				CODE_SIGN_STYLE = Automatic;
				CURRENT_PROJECT_VERSION = 1;
				GENERATE_INFOPLIST_FILE = YES;
				IPHONEOS_DEPLOYMENT_TARGET = 16.4;
				MACOSX_DEPLOYMENT_TARGET = 13.3;
				MARKETING_VERSION = 1.0;
				PRODUCT_BUNDLE_IDENTIFIER = com.engel.PokemonTests;
				PRODUCT_NAME = "$(TARGET_NAME)";
				SDKROOT = auto;
				SUPPORTED_PLATFORMS = "iphoneos iphonesimulator macosx";
				SWIFT_EMIT_LOC_STRINGS = NO;
				SWIFT_VERSION = 5.0;
				TARGETED_DEVICE_FAMILY = "1,2";
				TEST_HOST = "$(BUILT_PRODUCTS_DIR)/Pokemon.app/$(BUNDLE_EXECUTABLE_FOLDER_PATH)/Pokemon";
			};
			name = Debug;
		};
		F5211F1E2A7A6D4D002AE723 /* Release */ = {
			isa = XCBuildConfiguration;
			buildSettings = {
				ALWAYS_EMBED_SWIFT_STANDARD_LIBRARIES = YES;
				BUNDLE_LOADER = "$(TEST_HOST)";
				CODE_SIGN_STYLE = Automatic;
				CURRENT_PROJECT_VERSION = 1;
				GENERATE_INFOPLIST_FILE = YES;
				IPHONEOS_DEPLOYMENT_TARGET = 16.4;
				MACOSX_DEPLOYMENT_TARGET = 13.3;
				MARKETING_VERSION = 1.0;
				PRODUCT_BUNDLE_IDENTIFIER = com.engel.PokemonTests;
				PRODUCT_NAME = "$(TARGET_NAME)";
				SDKROOT = auto;
				SUPPORTED_PLATFORMS = "iphoneos iphonesimulator macosx";
				SWIFT_EMIT_LOC_STRINGS = NO;
				SWIFT_VERSION = 5.0;
				TARGETED_DEVICE_FAMILY = "1,2";
				TEST_HOST = "$(BUILT_PRODUCTS_DIR)/Pokemon.app/$(BUNDLE_EXECUTABLE_FOLDER_PATH)/Pokemon";
			};
			name = Release;
		};
		F5211F202A7A6D4D002AE723 /* Debug */ = {
			isa = XCBuildConfiguration;
			buildSettings = {
				ALWAYS_EMBED_SWIFT_STANDARD_LIBRARIES = YES;
				CODE_SIGN_STYLE = Automatic;
				CURRENT_PROJECT_VERSION = 1;
				GENERATE_INFOPLIST_FILE = YES;
				IPHONEOS_DEPLOYMENT_TARGET = 16.4;
				MACOSX_DEPLOYMENT_TARGET = 13.3;
				MARKETING_VERSION = 1.0;
				PRODUCT_BUNDLE_IDENTIFIER = com.engel.PokemonUITests;
				PRODUCT_NAME = "$(TARGET_NAME)";
				SDKROOT = auto;
				SUPPORTED_PLATFORMS = "iphoneos iphonesimulator macosx";
				SWIFT_EMIT_LOC_STRINGS = NO;
				SWIFT_VERSION = 5.0;
				TARGETED_DEVICE_FAMILY = "1,2";
				TEST_TARGET_NAME = Pokemon;
			};
			name = Debug;
		};
		F5211F212A7A6D4D002AE723 /* Release */ = {
			isa = XCBuildConfiguration;
			buildSettings = {
				ALWAYS_EMBED_SWIFT_STANDARD_LIBRARIES = YES;
				CODE_SIGN_STYLE = Automatic;
				CURRENT_PROJECT_VERSION = 1;
				GENERATE_INFOPLIST_FILE = YES;
				IPHONEOS_DEPLOYMENT_TARGET = 16.4;
				MACOSX_DEPLOYMENT_TARGET = 13.3;
				MARKETING_VERSION = 1.0;
				PRODUCT_BUNDLE_IDENTIFIER = com.engel.PokemonUITests;
				PRODUCT_NAME = "$(TARGET_NAME)";
				SDKROOT = auto;
				SUPPORTED_PLATFORMS = "iphoneos iphonesimulator macosx";
				SWIFT_EMIT_LOC_STRINGS = NO;
				SWIFT_VERSION = 5.0;
				TARGETED_DEVICE_FAMILY = "1,2";
				TEST_TARGET_NAME = Pokemon;
			};
			name = Release;
		};
/* End XCBuildConfiguration section */

/* Begin XCConfigurationList section */
		F5211EEF2A7A6D4A002AE723 /* Build configuration list for PBXProject "Pokemon" */ = {
			isa = XCConfigurationList;
			buildConfigurations = (
				F5211F172A7A6D4D002AE723 /* Debug */,
				F5211F182A7A6D4D002AE723 /* Release */,
			);
			defaultConfigurationIsVisible = 0;
			defaultConfigurationName = Release;
		};
		F5211F192A7A6D4D002AE723 /* Build configuration list for PBXNativeTarget "Pokemon" */ = {
			isa = XCConfigurationList;
			buildConfigurations = (
				F5211F1A2A7A6D4D002AE723 /* Debug */,
				F5211F1B2A7A6D4D002AE723 /* Release */,
			);
			defaultConfigurationIsVisible = 0;
			defaultConfigurationName = Release;
		};
		F5211F1C2A7A6D4D002AE723 /* Build configuration list for PBXNativeTarget "PokemonTests" */ = {
			isa = XCConfigurationList;
			buildConfigurations = (
				F5211F1D2A7A6D4D002AE723 /* Debug */,
				F5211F1E2A7A6D4D002AE723 /* Release */,
			);
			defaultConfigurationIsVisible = 0;
			defaultConfigurationName = Release;
		};
		F5211F1F2A7A6D4D002AE723 /* Build configuration list for PBXNativeTarget "PokemonUITests" */ = {
			isa = XCConfigurationList;
			buildConfigurations = (
				F5211F202A7A6D4D002AE723 /* Debug */,
				F5211F212A7A6D4D002AE723 /* Release */,
			);
			defaultConfigurationIsVisible = 0;
			defaultConfigurationName = Release;
		};
/* End XCConfigurationList section */
	};
	rootObject = F5211EEC2A7A6D4A002AE723 /* Project object */;
}
